
Microsoft Visual Studio Solution File, Format Version 12.00
# Visual Studio Version 16
VisualStudioVersion = 16.0.31019.35
MinimumVisualStudioVersion = 10.0.40219.1
Project("{FAE04EC0-301F-11D3-BF4B-00C04F79EFBC}") = "2 praktine uzduotis", "2 praktine uzduotis\2 praktine uzduotis.csproj", "{EDFBB6E5-9CEF-4CBD-913D-FE0E4D058360}"
EndProject
Global
	GlobalSection(SolutionConfigurationPlatforms) = preSolution
		Debug|Any CPU = Debug|Any CPU
		Release|Any CPU = Release|Any CPU
	EndGlobalSection
	GlobalSection(ProjectConfigurationPlatforms) = postSolution
		{EDFBB6E5-9CEF-4CBD-913D-FE0E4D058360}.Debug|Any CPU.ActiveCfg = Debug|Any CPU
		{EDFBB6E5-9CEF-4CBD-913D-FE0E4D058360}.Debug|Any CPU.Build.0 = Debug|Any CPU
		{EDFBB6E5-9CEF-4CBD-913D-FE0E4D058360}.Release|Any CPU.ActiveCfg = Release|Any CPU
		{EDFBB6E5-9CEF-4CBD-913D-FE0E4D058360}.Release|Any CPU.Build.0 = Release|Any CPU
	EndGlobalSection
	GlobalSection(SolutionProperties) = preSolution
		HideSolutionNode = FALSE
	EndGlobalSection
	GlobalSection(ExtensibilityGlobals) = postSolution
		SolutionGuid = {04C3945A-9AD3-47F3-B8B9-1EF9E9F36E29}
	EndGlobalSection
EndGlobal
